
		};
/* End XCConfigurationList section */
	};
	rootObject = 930D15BA22B8C6C500831E8C /* Project object */;
}

		930D15CC22B8C6C500831E8C /* SplashScreen.swift in Sources */ = {isa = PBXBuildFile; fileRef = 930D15CB22B8C6C500831E8C /* SplashScreen.swift */; };
		};
/* End XCConfigurationList section */
	};
	rootObject = 930D15BA22B8C6C500831E8C /* Project object */;
}
